{
  "name": "ctl",
  "version": "0.0.1",
  "lockfileVersion": 2,
  "requires": true,
  "packages": {
    "": {
      "name": "ctl",
      "version": "0.0.1",
      "dependencies": {
        "ctl-full": "file:.."
      }
    },
    "..": {
      "dependencies": {
        "ctl": "file:ctl",
        "xhr2": "^0.2.1"
      },
      "devDependencies": {
        "@esbuild-plugins/node-globals-polyfill": "^0.2.3",
        "@esbuild-plugins/node-modules-polyfill": "^0.2.2",
        "rollup-plugin-node-polyfills": "^0.2.1",
        "vite": "^4.1.0-beta.2",
        "vite-plugin-wasm": "^3.1.1"
      }
    },
    "node_modules/ctl-full": {
      "resolved": "..",
      "link": true
    }
  },
  "dependencies": {
    "ctl-full": {
      "version": "file:..",
      "requires": {
        "@esbuild-plugins/node-globals-polyfill": "^0.2.3",
        "@esbuild-plugins/node-modules-polyfill": "^0.2.2",
        "ctl": "file:ctl",
        "rollup-plugin-node-polyfills": "^0.2.1",
        "vite": "^4.1.0-beta.2",
        "vite-plugin-wasm": "^3.1.1",
        "xhr2": "^0.2.1"
      }
    }
  }
}
